
Microsoft Visual Studio Solution File, Format Version 12.00
# Visual Studio Version 16
VisualStudioVersion = 16.0.29709.97
MinimumVisualStudioVersion = 10.0.40219.1
Project("{888888A0-9F3D-457C-B088-3A5042F75D52}") = "AppwithJson", "AppwithJson\AppwithJson.pyproj", "{C6845F7B-1EE8-4DE7-9C88-0E0E4AD46BCD}"
EndProject
Global
	GlobalSection(SolutionConfigurationPlatforms) = preSolution
		Debug|Any CPU = Debug|Any CPU
		Release|Any CPU = Release|Any CPU
	EndGlobalSection
	GlobalSection(ProjectConfigurationPlatforms) = postSolution
		{C6845F7B-1EE8-4DE7-9C88-0E0E4AD46BCD}.Debug|Any CPU.ActiveCfg = Debug|Any CPU
		{C6845F7B-1EE8-4DE7-9C88-0E0E4AD46BCD}.Release|Any CPU.ActiveCfg = Release|Any CPU
	EndGlobalSection
	GlobalSection(SolutionProperties) = preSolution
		HideSolutionNode = FALSE
	EndGlobalSection
	GlobalSection(ExtensibilityGlobals) = postSolution
		SolutionGuid = {F5A84216-3413-4846-968B-81ED1A938CE1}
	EndGlobalSection
EndGlobal
